
Microsoft Visual Studio Solution File, Format Version 12.00
# Visual Studio 2012
Project("{FAE04EC0-301F-11D3-BF4B-00C04F79EFBC}") = "taxi", "taxi\taxi.csproj", "{CBBE53A5-B228-4175-B45C-CE7CBE5A26CC}"
EndProject
Project("{FAE04EC0-301F-11D3-BF4B-00C04F79EFBC}") = "taxi.iOS", "iOS\taxi.iOS.csproj", "{40DEE752-2E53-47D5-AEE5-FB781503627A}"
EndProject
Project("{FAE04EC0-301F-11D3-BF4B-00C04F79EFBC}") = "taxi.Droid", "Droid\taxi.Droid.csproj", "{98BD8B01-43D8-4CEB-94F5-86BE7666EED4}"
EndProject
Global
	GlobalSection(SolutionConfigurationPlatforms) = preSolution
		Debug|Any CPU = Debug|Any CPU
		Release|Any CPU = Release|Any CPU
		Debug|iPhoneSimulator = Debug|iPhoneSimulator
		Release|iPhone = Release|iPhone
		Release|iPhoneSimulator = Release|iPhoneSimulator
		Debug|iPhone = Debug|iPhone
	EndGlobalSection
	GlobalSection(ProjectConfigurationPlatforms) = postSolution
		{CBBE53A5-B228-4175-B45C-CE7CBE5A26CC}.Debug|Any CPU.ActiveCfg = Debug|Any CPU
		{CBBE53A5-B228-4175-B45C-CE7CBE5A26CC}.Debug|Any CPU.Build.0 = Debug|Any CPU
		{CBBE53A5-B228-4175-B45C-CE7CBE5A26CC}.Release|Any CPU.ActiveCfg = Release|Any CPU
		{CBBE53A5-B228-4175-B45C-CE7CBE5A26CC}.Release|Any CPU.Build.0 = Release|Any CPU
		{CBBE53A5-B228-4175-B45C-CE7CBE5A26CC}.Debug|iPhoneSimulator.ActiveCfg = Debug|Any CPU
		{CBBE53A5-B228-4175-B45C-CE7CBE5A26CC}.Debug|iPhoneSimulator.Build.0 = Debug|Any CPU
		{CBBE53A5-B228-4175-B45C-CE7CBE5A26CC}.Release|iPhone.ActiveCfg = Release|Any CPU
		{CBBE53A5-B228-4175-B45C-CE7CBE5A26CC}.Release|iPhone.Build.0 = Release|Any CPU
		{CBBE53A5-B228-4175-B45C-CE7CBE5A26CC}.Release|iPhoneSimulator.ActiveCfg = Release|Any CPU
		{CBBE53A5-B228-4175-B45C-CE7CBE5A26CC}.Release|iPhoneSimulator.Build.0 = Release|Any CPU
		{CBBE53A5-B228-4175-B45C-CE7CBE5A26CC}.Debug|iPhone.ActiveCfg = Debug|Any CPU
		{CBBE53A5-B228-4175-B45C-CE7CBE5A26CC}.Debug|iPhone.Build.0 = Debug|Any CPU
		{40DEE752-2E53-47D5-AEE5-FB781503627A}.Debug|Any CPU.ActiveCfg = Debug|iPhoneSimulator
		{40DEE752-2E53-47D5-AEE5-FB781503627A}.Debug|Any CPU.Build.0 = Debug|iPhoneSimulator
		{40DEE752-2E53-47D5-AEE5-FB781503627A}.Release|Any CPU.ActiveCfg = Release|iPhone
		{40DEE752-2E53-47D5-AEE5-FB781503627A}.Release|Any CPU.Build.0 = Release|iPhone
		{40DEE752-2E53-47D5-AEE5-FB781503627A}.Debug|iPhoneSimulator.ActiveCfg = Debug|iPhoneSimulator
		{40DEE752-2E53-47D5-AEE5-FB781503627A}.Debug|iPhoneSimulator.Build.0 = Debug|iPhoneSimulator
		{40DEE752-2E53-47D5-AEE5-FB781503627A}.Release|iPhone.ActiveCfg = Release|iPhone
		{40DEE752-2E53-47D5-AEE5-FB781503627A}.Release|iPhone.Build.0 = Release|iPhone
		{40DEE752-2E53-47D5-AEE5-FB781503627A}.Release|iPhoneSimulator.ActiveCfg = Release|iPhoneSimulator
		{40DEE752-2E53-47D5-AEE5-FB781503627A}.Release|iPhoneSimulator.Build.0 = Release|iPhoneSimulator
		{40DEE752-2E53-47D5-AEE5-FB781503627A}.Debug|iPhone.ActiveCfg = Debug|iPhone
		{40DEE752-2E53-47D5-AEE5-FB781503627A}.Debug|iPhone.Build.0 = Debug|iPhone
		{98BD8B01-43D8-4CEB-94F5-86BE7666EED4}.Debug|Any CPU.ActiveCfg = Debug|Any CPU
		{98BD8B01-43D8-4CEB-94F5-86BE7666EED4}.Debug|Any CPU.Build.0 = Debug|Any CPU
		{98BD8B01-43D8-4CEB-94F5-86BE7666EED4}.Release|Any CPU.ActiveCfg = Release|Any CPU
		{98BD8B01-43D8-4CEB-94F5-86BE7666EED4}.Release|Any CPU.Build.0 = Release|Any CPU
		{98BD8B01-43D8-4CEB-94F5-86BE7666EED4}.Debug|iPhoneSimulator.ActiveCfg = Debug|Any CPU
		{98BD8B01-43D8-4CEB-94F5-86BE7666EED4}.Debug|iPhoneSimulator.Build.0 = Debug|Any CPU
		{98BD8B01-43D8-4CEB-94F5-86BE7666EED4}.Release|iPhone.ActiveCfg = Release|Any CPU
		{98BD8B01-43D8-4CEB-94F5-86BE7666EED4}.Release|iPhone.Build.0 = Release|Any CPU
		{98BD8B01-43D8-4CEB-94F5-86BE7666EED4}.Release|iPhoneSimulator.ActiveCfg = Release|Any CPU
		{98BD8B01-43D8-4CEB-94F5-86BE7666EED4}.Release|iPhoneSimulator.Build.0 = Release|Any CPU
		{98BD8B01-43D8-4CEB-94F5-86BE7666EED4}.Debug|iPhone.ActiveCfg = Debug|Any CPU
		{98BD8B01-43D8-4CEB-94F5-86BE7666EED4}.Debug|iPhone.Build.0 = Debug|Any CPU
	EndGlobalSection
EndGlobal
